PODS:
  - TZImagePickerController (3.2.0)

DEPENDENCIES:
  - TZImagePickerController

SPEC REPOS:
  https://github.com/cocoapods/specs.git:
    - TZImagePickerController

SPEC CHECKSUMS:
  TZImagePickerController: 7850b158d025065b162a1a963d445040b828abc9

PODFILE CHECKSUM: 0d3b304c6abecb719d03b30debe479c60ad4c79d

COCOAPODS: 1.6.1
