// !$*UTF8*$!
{
	archiveVersion = 1;
	classes = {
	};
	objectVersion = 48;
	objects = {

/* Begin PBXBuildFile section */
		FFF4729822B77102001C14D0 /* AppDelegate.m in Sources */ = {isa = PBXBuildFile; fileRef = FFF4729722B77102001C14D0 /* AppDelegate.m */; };
		FFF4729B22B77102001C14D0 /* ViewController.m in Sources */ = {isa = PBXBuildFile; fileRef = FFF4729A22B77102001C14D0 /* ViewController.m */; };
		FFF4729E22B77102001C14D0 /* Main.storyboard in Resources */ = {isa = PBXBuildFile; fileRef = FFF4729C22B77102001C14D0 /* Main.storyboard */; };
		FFF472A022B77102001C14D0 /* Assets.xcassets in Resources */ = {isa = PBXBuildFile; fileRef = FFF4729F22B77102001C14D0 /* Assets.xcassets */; };
		FFF472A322B77102001C14D0 /* LaunchScreen.storyboard in Resources */ = {isa = PBXBuildFile; fileRef = FFF472A122B77102001C14D0 /* LaunchScreen.storyboard */; };
		FFF472A622B77102001C14D0 /* main.m in Sources */ = {isa = PBXBuildFile; fileRef = FFF472A522B77102001C14D0 /* main.m */; };
/* End PBXBuildFile section */

/* Begin PBXFileReference section */
		FFF4729322B77102001C14D0 /* GXAppearanceDemo.app */ = {isa = PBXFileReference; explicitFileType = wrapper.application; includeInIndex = 0; path = GXAppearanceDemo.app; sourceTree = BUILT_PRODUCTS_DIR; };
		FFF4729622B77102001C14D0 /* AppDelegate.h */ = {isa = PBXFileReference; lastKnownFileType = sourcecode.c.h; path = AppDelegate.h; sourceTree = "<group>"; };
		FFF4729722B77102001C14D0 /* AppDelegate.m */ = {isa = PBXFileReference; lastKnownFileType = sourcecode.c.objc; path = AppDelegate.m; sourceTree = "<group>"; };
		FFF4729922B77102001C14D0 /* ViewController.h */ = {isa = PBXFileReference; lastKnownFileType = sourcecode.c.h; path = ViewController.h; sourceTree = "<group>"; };
		FFF4729A22B77102001C14D0 /* ViewController.m */ = {isa = PBXFileReference; lastKnownFileType = sourcecode.c.objc; path = ViewController.m; sourceTree = "<group>"; };
		FFF4729D22B77102001C14D0 /* Base */ = {isa = PBXFileReference; lastKnownFileType = file.storyboard; name = Base; path = Base.lproj/Main.storyboard; sourceTree = "<group>"; };
		FFF4729F22B77102001C14D0 /* Assets.xcassets */ = {isa = PBXFileReference; lastKnownFileType = folder.assetcatalog; path = Assets.xcassets; sourceTree = "<group>"; };
		FFF472A222B77102001C14D0 /* Base */ = {isa = PBXFileReference; lastKnownFileType = file.storyboard; name = Base; path = Base.lproj/LaunchScreen.storyboard; sourceTree = "<group>"; };
		FFF472A422B77102001C14D0 /* Info.plist */ = {isa = PBXFileReference; lastKnownFileType = text.plist.xml; path = Info.plist; sourceTree = "<group>"; };
		FFF472A522B77102001C14D0 /* main.m */ = {isa = PBXFileReference; lastKnownFileType = sourcecode.c.objc; path = main.m; sourceTree = "<group>"; };
/* End PBXFileReference section */

/* Begin PBXFrameworksBuildPhase section */
		FFF4729022B77102001C14D0 /* Frameworks */ = {
			isa = PBXFrameworksBuildPhase;
			buildActionMask = 2147483647;
			files = (
			);
			runOnlyForDeploymentPostprocessing = 0;
		};
/* End PBXFrameworksBuildPhase section */

/* Begin PBXGroup section */
		FFF4728A22B77102001C14D0 = {
			isa = PBXGroup;
			children = (
				FFF4729522B77102001C14D0 /* GXAppearanceDemo */,
				FFF4729422B77102001C14D0 /* Products */,
			);
			sourceTree = "<group>";
		};
		FFF4729422B77102001C14D0 /* Products */ = {
			isa = PBXGroup;
			children = (
				FFF4729322B77102001C14D0 /* GXAppearanceDemo.app */,
			);
			name = Products;
			sourceTree = "<group>";
		};
		FFF4729522B77102001C14D0 /* GXAppearanceDemo */ = {
			isa = PBXGroup;
			children = (
				FFF4729622B77102001C14D0 /* AppDelegate.h */,
				FFF4729722B77102001C14D0 /* AppDelegate.m */,
				FFF4729922B77102001C14D0 /* ViewController.h */,
				FFF4729A22B77102001C14D0 /* ViewController.m */,
				FFF4729C22B77102001C14D0 /* Main.storyboard */,
				FFF4729F22B77102001C14D0 /* Assets.xcassets */,
				FFF472A122B77102001C14D0 /* LaunchScreen.storyboard */,
				FFF472A422B77102001C14D0 /* Info.plist */,
				FFF472A522B77102001C14D0 /* main.m */,
			);
			path = GXAppearanceDemo;
			sourceTree = "<group>";
		};
/* End PBXGroup section */

/* Begin PBXNativeTarget section */
		FFF4729222B77102001C14D0 /* GXAppearanceDemo */ = {
			isa = PBXNativeTarget;
			buildConfigurationList = FFF472A922B77102001C14D0 /* Build configuration list for PBXNativeTarget "GXAppearanceDemo" */;
			buildPhases = (
				FFF4728F22B77102001C14D0 /* Sources */,
				FFF4729022B77102001C14D0 /* Frameworks */,
				FFF4729122B77102001C14D0 /* Resources */,
			);
			buildRules = (
			);
			dependencies = (
			);
			name = GXAppearanceDemo;
			productName = GXAppearanceDemo;
			productReference = FFF4729322B77102001C14D0 /* GXAppearanceDemo.app */;
			productType = "com.apple.product-type.application";
		};
/* End PBXNativeTarget section */

/* Begin PBXProject section */
		FFF4728B22B77102001C14D0 /* Project object */ = {
			isa = PBXProject;
			attributes = {
				LastUpgradeCheck = 0920;
				ORGANIZATIONNAME = "国信司南（北京）地理信息技术有限公司";
				TargetAttributes = {
					FFF4729222B77102001C14D0 = {
						CreatedOnToolsVersion = 9.2;
						ProvisioningStyle = Automatic;
					};
				};
			};
			buildConfigurationList = FFF4728E22B77102001C14D0 /* Build configuration list for PBXProject "GXAppearanceDemo" */;
			compatibilityVersion = "Xcode 8.0";
			developmentRegion = en;
			hasScannedForEncodings = 0;
			knownRegions = (
				en,
				Base,
			);
			mainGroup = FFF4728A22B77102001C14D0;
			productRefGroup = FFF4729422B77102001C14D0 /* Products */;
			projectDirPath = "";
			projectRoot = "";
			targets = (
				FFF4729222B77102001C14D0 /* GXAppearanceDemo */,
			);
		};
/* End PBXProject section */

/* Begin PBXResourcesBuildPhase section */
		FFF4729122B77102001C14D0 /* Resources */ = {
			isa = PBXResourcesBuildPhase;
			buildActionMask = 2147483647;
			files = (
				FFF472A322B77102001C14D0 /* LaunchScreen.storyboard in Resources */,
				FFF472A022B77102001C14D0 /* Assets.xcassets in Resources */,
				FFF4729E22B77102001C14D0 /* Main.storyboard in Resources */,
			);
			runOnlyForDeploymentPostprocessing = 0;
		};
/* End PBXResourcesBuildPhase section */

/* Begin PBXSourcesBuildPhase section */
		FFF4728F22B77102001C14D0 /* Sources */ = {
			isa = PBXSourcesBuildPhase;
			buildActionMask = 2147483647;
			files = (
				FFF4729B22B77102001C14D0 /* ViewController.m in Sources */,
				FFF472A622B77102001C14D0 /* main.m in Sources */,
				FFF4729822B77102001C14D0 /* AppDelegate.m in Sources */,
			);
			runOnlyForDeploymentPostprocessing = 0;
		};
/* End PBXSourcesBuildPhase section */

/* Begin PBXVariantGroup section */
		FFF4729C22B77102001C14D0 /* Main.storyboard */ = {
			isa = PBXVariantGroup;
			children = (
				FFF4729D22B77102001C14D0 /* Base */,
			);
			name = Main.storyboard;
			sourceTree = "<group>";
		};
		FFF472A122B77102001C14D0 /* LaunchScreen.storyboard */ = {
			isa = PBXVariantGroup;
			children = (
				FFF472A222B77102001C14D0 /* Base */,
			);
			name = LaunchScreen.storyboard;
			sourceTree = "<group>";
		};
/* End PBXVariantGroup section */

/* Begin XCBuildConfiguration section */
		FFF472A722B77102001C14D0 /* Debug */ = {
			isa = XCBuildConfiguration;
			buildSettings = {
				ALWAYS_SEARCH_USER_PATHS = NO;
				CLANG_ANALYZER_NONNULL = YES;
				CLANG_ANALYZER_NUMBER_OBJECT_CONVERSION = YES_AGGRESSIVE;
				CLANG_CXX_LANGUAGE_STANDARD = "gnu++14";
				CLANG_CXX_LIBRARY = "libc++";
				CLANG_ENABLE_MODULES = YES;
				CLANG_ENABLE_OBJC_ARC = YES;
				CLANG_WARN_BLOCK_CAPTURE_AUTORELEASING = YES;
				CLANG_WARN_BOOL_CONVERSION = YES;
				CLANG_WARN_COMMA = YES;
				CLANG_WARN_CONSTANT_CONVERSION = YES;
				CLANG_WARN_DIRECT_OBJC_ISA_USAGE = YES_ERROR;
				CLANG_WARN_DOCUMENTATION_COMMENTS = YES;
				CLANG_WARN_EMPTY_BODY = YES;
				CLANG_WARN_ENUM_CONVERSION = YES;
				CLANG_WARN_INFINITE_RECURSION = YES;
				CLANG_WARN_INT_CONVERSION = YES;
				CLANG_WARN_NON_LITERAL_NULL_CONVERSION = YES;
				CLANG_WARN_OBJC_LITERAL_CONVERSION = YES;
				CLANG_WARN_OBJC_ROOT_CLASS = YES_ERROR;
				CLANG_WARN_RANGE_LOOP_ANALYSIS = YES;
				CLANG_WARN_STRICT_PROTOTYPES = YES;
				CLANG_WARN_SUSPICIOUS_MOVE = YES;
				CLANG_WARN_UNGUARDED_AVAILABILITY = YES_AGGRESSIVE;
				CLANG_WARN_UNREACHABLE_CODE = YES;
				CLANG_WARN__DUPLICATE_METHOD_MATCH = YES;
				CODE_SIGN_IDENTITY = "iPhone Developer";
				COPY_PHASE_STRIP = NO;
				DEBUG_INFORMATION_FORMAT = dwarf;
				ENABLE_STRICT_OBJC_MSGSEND = YES;
				ENABLE_TESTABILITY = YES;
				GCC_C_LANGUAGE_STANDARD = gnu11;
				GCC_DYNAMIC_NO_PIC = NO;
				GCC_NO_COMMON_BLOCKS = YES;
				GCC_OPTIMIZATION_LEVEL = 0;
				GCC_PREPROCESSOR_DEFINITIONS = (
					"DEBUG=1",
					"$(inherited)",
				);
				GCC_WARN_64_TO_32_BIT_CONVERSION = YES;
				GCC_WARN_ABOUT_RETURN_TYPE = YES_ERROR;
				GCC_WARN_UNDECLARED_SELECTOR = YES;
				GCC_WARN_UNINITIALIZED_AUTOS = YES_AGGRESSIVE;
				GCC_WARN_UNUSED_FUNCTION = YES;
				GCC_WARN_UNUSED_VARIABLE = YES;
				IPHONEOS_DEPLOYMENT_TARGET = 11.2;
				MTL_ENABLE_DEBUG_INFO = YES;
				ONLY_ACTIVE_ARCH = YES;
				SDKROOT = iphoneos;
			};
			name = Debug;
		};
		FFF472A822B77102001C14D0 /* Release */ = {
			isa = XCBuildConfiguration;
			buildSettings = {
				ALWAYS_SEARCH_USER_PATHS = NO;
				CLANG_ANALYZER_NONNULL = YES;
				CLANG_ANALYZER_NUMBER_OBJECT_CONVERSION = YES_AGGRESSIVE;
				CLANG_CXX_LANGUAGE_STANDARD = "gnu++14";
				CLANG_CXX_LIBRARY = "libc++";
				CLANG_ENABLE_MODULES = YES;
				CLANG_ENABLE_OBJC_ARC = YES;
				CLANG_WARN_BLOCK_CAPTURE_AUTORELEASING = YES;
				CLANG_WARN_BOOL_CONVERSION = YES;
				CLANG_WARN_COMMA = YES;
				CLANG_WARN_CONSTANT_CONVERSION = YES;
				CLANG_WARN_DIRECT_OBJC_ISA_USAGE = YES_ERROR;
				CLANG_WARN_DOCUMENTATION_COMMENTS = YES;
				CLANG_WARN_EMPTY_BODY = YES;
				CLANG_WARN_ENUM_CONVERSION = YES;
				CLANG_WARN_INFINITE_RECURSION = YES;
				CLANG_WARN_INT_CONVERSION = YES;
				CLANG_WARN_NON_LITERAL_NULL_CONVERSION = YES;
				CLANG_WARN_OBJC_LITERAL_CONVERSION = YES;
				CLANG_WARN_OBJC_ROOT_CLASS = YES_ERROR;
				CLANG_WARN_RANGE_LOOP_ANALYSIS = YES;
				CLANG_WARN_STRICT_PROTOTYPES = YES;
				CLANG_WARN_SUSPICIOUS_MOVE = YES;
				CLANG_WARN_UNGUARDED_AVAILABILITY = YES_AGGRESSIVE;
				CLANG_WARN_UNREACHABLE_CODE = YES;
				CLANG_WARN__DUPLICATE_METHOD_MATCH = YES;
				CODE_SIGN_IDENTITY = "iPhone Developer";
				COPY_PHASE_STRIP = NO;
				DEBUG_INFORMATION_FORMAT = "dwarf-with-dsym";
				ENABLE_NS_ASSERTIONS = NO;
				ENABLE_STRICT_OBJC_MSGSEND = YES;
				GCC_C_LANGUAGE_STANDARD = gnu11;
				GCC_NO_COMMON_BLOCKS = YES;
				GCC_WARN_64_TO_32_BIT_CONVERSION = YES;
				GCC_WARN_ABOUT_RETURN_TYPE = YES_ERROR;
				GCC_WARN_UNDECLARED_SELECTOR = YES;
				GCC_WARN_UNINITIALIZED_AUTOS = YES_AGGRESSIVE;
				GCC_WARN_UNUSED_FUNCTION = YES;
				GCC_WARN_UNUSED_VARIABLE = YES;
				IPHONEOS_DEPLOYMENT_TARGET = 11.2;
				MTL_ENABLE_DEBUG_INFO = NO;
				SDKROOT = iphoneos;
				VALIDATE_PRODUCT = YES;
			};
			name = Release;
		};
		FFF472AA22B77102001C14D0 /* Debug */ = {
			isa = XCBuildConfiguration;
			buildSettings = {
				ASSETCATALOG_COMPILER_APPICON_NAME = AppIcon;
				CODE_SIGN_STYLE = Automatic;
				DEVELOPMENT_TEAM = LV6EETC6C7;
				INFOPLIST_FILE = GXAppearanceDemo/Info.plist;
				LD_RUNPATH_SEARCH_PATHS = "$(inherited) @executable_path/Frameworks";
				PRODUCT_BUNDLE_IDENTIFIER = com.gxsn.GXAppearanceDemo;
				PRODUCT_NAME = "$(TARGET_NAME)";
				TARGETED_DEVICE_FAMILY = "1,2";
			};
			name = Debug;
		};
		FFF472AB22B77102001C14D0 /* Release */ = {
			isa = XCBuildConfiguration;
			buildSettings = {
				ASSETCATALOG_COMPILER_APPICON_NAME = AppIcon;
				CODE_SIGN_STYLE = Automatic;
				DEVELOPMENT_TEAM = LV6EETC6C7;
				INFOPLIST_FILE = GXAppearanceDemo/Info.plist;
				LD_RUNPATH_SEARCH_PATHS = "$(inherited) @executable_path/Frameworks";
				PRODUCT_BUNDLE_IDENTIFIER = com.gxsn.GXAppearanceDemo;
				PRODUCT_NAME = "$(TARGET_NAME)";
				TARGETED_DEVICE_FAMILY = "1,2";
			};
			name = Release;
		};
/* End XCBuildConfiguration section */

/* Begin XCConfigurationList section */
		FFF4728E22B77102001C14D0 /* Build configuration list for PBXProject "GXAppearanceDemo" */ = {
			isa = XCConfigurationList;
			buildConfigurations = (
				FFF472A722B77102001C14D0 /* Debug */,
				FFF472A822B77102001C14D0 /* Release */,
			);
			defaultConfigurationIsVisible = 0;
			defaultConfigurationName = Release;
		};
		FFF472A922B77102001C14D0 /* Build configuration list for PBXNativeTarget "GXAppearanceDemo" */ = {
			isa = XCConfigurationList;
			buildConfigurations = (
				FFF472AA22B77102001C14D0 /* Debug */,
				FFF472AB22B77102001C14D0 /* Release */,
			);
			defaultConfigurationIsVisible = 0;
			defaultConfigurationName = Release;
		};
/* End XCConfigurationList section */
	};
	rootObject = FFF4728B22B77102001C14D0 /* Project object */;
}
